
Microsoft Visual Studio Solution File, Format Version 12.00
# Visual Studio Version 16
VisualStudioVersion = 16.0.31129.286
MinimumVisualStudioVersion = 10.0.40219.1
Project("{9A19103F-16F7-4668-BE54-9A1E7A4F7556}") = "NetCoreLibrary.Web", "NetCoreLibrary.Web\NetCoreLibrary.Web.csproj", "{DAA9A357-B0AA-444D-BF68-495D5FC04585}"
EndProject
Project("{9A19103F-16F7-4668-BE54-9A1E7A4F7556}") = "NetCoreLibrary.Core", "NetCoreLibrary.Core\NetCoreLibrary.Core.csproj", "{3DE0CC86-2097-49FA-A5F2-B25BEF1F774D}"
EndProject
Project("{9A19103F-16F7-4668-BE54-9A1E7A4F7556}") = "NetCoreLibrary.Data", "NetCoreLibrary.Data\NetCoreLibrary.Data.csproj", "{530170D8-D489-4862-BAF5-4A23703C8913}"
EndProject
Project("{FAE04EC0-301F-11D3-BF4B-00C04F79EFBC}") = "Hangfire.Server", "Hangfire.Server\Hangfire.Server.csproj", "{29D92531-2D48-4126-9D0D-6189439251FF}"
EndProject
Global
	GlobalSection(SolutionConfigurationPlatforms) = preSolution
		Debug|Any CPU = Debug|Any CPU
		Release|Any CPU = Release|Any CPU
	EndGlobalSection
	GlobalSection(ProjectConfigurationPlatforms) = postSolution
		{DAA9A357-B0AA-444D-BF68-495D5FC04585}.Debug|Any CPU.ActiveCfg = Debug|Any CPU
		{DAA9A357-B0AA-444D-BF68-495D5FC04585}.Debug|Any CPU.Build.0 = Debug|Any CPU
		{DAA9A357-B0AA-444D-BF68-495D5FC04585}.Release|Any CPU.ActiveCfg = Release|Any CPU
		{DAA9A357-B0AA-444D-BF68-495D5FC04585}.Release|Any CPU.Build.0 = Release|Any CPU
		{3DE0CC86-2097-49FA-A5F2-B25BEF1F774D}.Debug|Any CPU.ActiveCfg = Debug|Any CPU
		{3DE0CC86-2097-49FA-A5F2-B25BEF1F774D}.Debug|Any CPU.Build.0 = Debug|Any CPU
		{3DE0CC86-2097-49FA-A5F2-B25BEF1F774D}.Release|Any CPU.ActiveCfg = Release|Any CPU
		{3DE0CC86-2097-49FA-A5F2-B25BEF1F774D}.Release|Any CPU.Build.0 = Release|Any CPU
		{530170D8-D489-4862-BAF5-4A23703C8913}.Debug|Any CPU.ActiveCfg = Debug|Any CPU
		{530170D8-D489-4862-BAF5-4A23703C8913}.Debug|Any CPU.Build.0 = Debug|Any CPU
		{530170D8-D489-4862-BAF5-4A23703C8913}.Release|Any CPU.ActiveCfg = Release|Any CPU
		{530170D8-D489-4862-BAF5-4A23703C8913}.Release|Any CPU.Build.0 = Release|Any CPU
		{29D92531-2D48-4126-9D0D-6189439251FF}.Debug|Any CPU.ActiveCfg = Debug|Any CPU
		{29D92531-2D48-4126-9D0D-6189439251FF}.Debug|Any CPU.Build.0 = Debug|Any CPU
		{29D92531-2D48-4126-9D0D-6189439251FF}.Release|Any CPU.ActiveCfg = Release|Any CPU
		{29D92531-2D48-4126-9D0D-6189439251FF}.Release|Any CPU.Build.0 = Release|Any CPU
	EndGlobalSection
	GlobalSection(SolutionProperties) = preSolution
		HideSolutionNode = FALSE
	EndGlobalSection
	GlobalSection(ExtensibilityGlobals) = postSolution
		SolutionGuid = {12AAD4A9-BF32-4028-B4C1-3EA9A2BB5577}
	EndGlobalSection
EndGlobal
